// !$*UTF8*$!
{
	archiveVersion = 1;
	classes = {
	};
	objectVersion = 50;
	objects = {

/* Begin PBXBuildFile section */
		872A589222A365600050F7FD /* AppDelegate.swift in Sources */ = {isa = PBXBuildFile; fileRef = 872A589122A365600050F7FD /* AppDelegate.swift */; };
		872A589722A365600050F7FD /* Main.storyboard in Resources */ = {isa = PBXBuildFile; fileRef = 872A589522A365600050F7FD /* Main.storyboard */; };
		872A589922A3656D0050F7FD /* Assets.xcassets in Resources */ = {isa = PBXBuildFile; fileRef = 872A589822A3656D0050F7FD /* Assets.xcassets */; };
		872A589C22A3656D0050F7FD /* LaunchScreen.storyboard in Resources */ = {isa = PBXBuildFile; fileRef = 872A589A22A3656D0050F7FD /* LaunchScreen.storyboard */; };
		872A58A622A365960050F7FD /* My Sighseeing.xcdatamodeld in Sources */ = {isa = PBXBuildFile; fileRef = 872A58A422A365960050F7FD /* My Sighseeing.xcdatamodeld */; };
		872A58A822A366C70050F7FD /* DataController.swift in Sources */ = {isa = PBXBuildFile; fileRef = 872A58A722A366C70050F7FD /* DataController.swift */; };
		872A58AC22A367150050F7FD /* WikiClient.swift in Sources */ = {isa = PBXBuildFile; fileRef = 872A58AB22A367150050F7FD /* WikiClient.swift */; };
		872A58AE22A3672E0050F7FD /* APIRequest.swift in Sources */ = {isa = PBXBuildFile; fileRef = 872A58AD22A3672E0050F7FD /* APIRequest.swift */; };
		872A58B022A3673B0050F7FD /* APIResponse.swift in Sources */ = {isa = PBXBuildFile; fileRef = 872A58AF22A3673B0050F7FD /* APIResponse.swift */; };
		872A58B222A3674A0050F7FD /* PhotoResponses.swift in Sources */ = {isa = PBXBuildFile; fileRef = 872A58B122A3674A0050F7FD /* PhotoResponses.swift */; };
		872A58B522A3676D0050F7FD /* PhotoCell.swift in Sources */ = {isa = PBXBuildFile; fileRef = 872A58B422A3676D0050F7FD /* PhotoCell.swift */; };
		872A58B822A3678E0050F7FD /* CollectionViewController.swift in Sources */ = {isa = PBXBuildFile; fileRef = 872A58B722A3678E0050F7FD /* CollectionViewController.swift */; };
		872A58BA22A3679C0050F7FD /* MainViewController.swift in Sources */ = {isa = PBXBuildFile; fileRef = 872A58B922A3679C0050F7FD /* MainViewController.swift */; };
		872A58BC22A367C10050F7FD /* Utility.swift in Sources */ = {isa = PBXBuildFile; fileRef = 872A58BB22A367C10050F7FD /* Utility.swift */; };
/* End PBXBuildFile section */

/* Begin PBXFileReference section */
		872A588E22A365600050F7FD /* My Sighseeing.app */ = {isa = PBXFileReference; explicitFileType = wrapper.application; includeInIndex = 0; path = "My Sighseeing.app"; sourceTree = BUILT_PRODUCTS_DIR; };
		872A589122A365600050F7FD /* AppDelegate.swift */ = {isa = PBXFileReference; lastKnownFileType = sourcecode.swift; path = AppDelegate.swift; sourceTree = "<group>"; };
		872A589622A365600050F7FD /* Base */ = {isa = PBXFileReference; lastKnownFileType = file.storyboard; name = Base; path = Base.lproj/Main.storyboard; sourceTree = "<group>"; };
		872A589822A3656D0050F7FD /* Assets.xcassets */ = {isa = PBXFileReference; lastKnownFileType = folder.assetcatalog; path = Assets.xcassets; sourceTree = "<group>"; };
		872A589B22A3656D0050F7FD /* Base */ = {isa = PBXFileReference; lastKnownFileType = file.storyboard; name = Base; path = Base.lproj/LaunchScreen.storyboard; sourceTree = "<group>"; };
		872A589D22A3656D0050F7FD /* Info.plist */ = {isa = PBXFileReference; lastKnownFileType = text.plist.xml; path = Info.plist; sourceTree = "<group>"; };
		872A58A522A365960050F7FD /* My Sighseeing.xcdatamodel */ = {isa = PBXFileReference; lastKnownFileType = wrapper.xcdatamodel; path = "My Sighseeing.xcdatamodel"; sourceTree = "<group>"; };
		872A58A722A366C70050F7FD /* DataController.swift */ = {isa = PBXFileReference; lastKnownFileType = sourcecode.swift; path = DataController.swift; sourceTree = "<group>"; };
		872A58AB22A367150050F7FD /* WikiClient.swift */ = {isa = PBXFileReference; lastKnownFileType = sourcecode.swift; path = WikiClient.swift; sourceTree = "<group>"; };
		872A58AD22A3672E0050F7FD /* APIRequest.swift */ = {isa = PBXFileReference; lastKnownFileType = sourcecode.swift; path = APIRequest.swift; sourceTree = "<group>"; };
		872A58AF22A3673B0050F7FD /* APIResponse.swift */ = {isa = PBXFileReference; lastKnownFileType = sourcecode.swift; path = APIResponse.swift; sourceTree = "<group>"; };
		872A58B122A3674A0050F7FD /* PhotoResponses.swift */ = {isa = PBXFileReference; lastKnownFileType = sourcecode.swift; path = PhotoResponses.swift; sourceTree = "<group>"; };
		872A58B422A3676D0050F7FD /* PhotoCell.swift */ = {isa = PBXFileReference; lastKnownFileType = sourcecode.swift; path = PhotoCell.swift; sourceTree = "<group>"; };
		872A58B722A3678E0050F7FD /* CollectionViewController.swift */ = {isa = PBXFileReference; lastKnownFileType = sourcecode.swift; path = CollectionViewController.swift; sourceTree = "<group>"; };
		872A58B922A3679C0050F7FD /* MainViewController.swift */ = {isa = PBXFileReference; lastKnownFileType = sourcecode.swift; path = MainViewController.swift; sourceTree = "<group>"; };
		872A58BB22A367C10050F7FD /* Utility.swift */ = {isa = PBXFileReference; lastKnownFileType = sourcecode.swift; path = Utility.swift; sourceTree = "<group>"; };
/* End PBXFileReference section */

/* Begin PBXFrameworksBuildPhase section */
		872A588B22A365600050F7FD /* Frameworks */ = {
			isa = PBXFrameworksBuildPhase;
			buildActionMask = 2147483647;
			files = (
			);
			runOnlyForDeploymentPostprocessing = 0;
		};
/* End PBXFrameworksBuildPhase section */

/* Begin PBXGroup section */
		872A588522A3655F0050F7FD = {
			isa = PBXGroup;
			children = (
				872A589022A365600050F7FD /* My Sighseeing */,
				872A588F22A365600050F7FD /* Products */,
			);
			sourceTree = "<group>";
		};
		872A588F22A365600050F7FD /* Products */ = {
			isa = PBXGroup;
			children = (
				872A588E22A365600050F7FD /* My Sighseeing.app */,
			);
			name = Products;
			sourceTree = "<group>";
		};
		872A589022A365600050F7FD /* My Sighseeing */ = {
			isa = PBXGroup;
			children = (
				872A58B622A367810050F7FD /* Controller */,
				872A58B322A367600050F7FD /* View */,
				872A58A322A3657E0050F7FD /* Model */,
				872A589122A365600050F7FD /* AppDelegate.swift */,
				872A589522A365600050F7FD /* Main.storyboard */,
				872A589822A3656D0050F7FD /* Assets.xcassets */,
				872A589A22A3656D0050F7FD /* LaunchScreen.storyboard */,
				872A589D22A3656D0050F7FD /* Info.plist */,
				872A58BB22A367C10050F7FD /* Utility.swift */,
			);
			path = "My Sighseeing";
			sourceTree = "<group>";
		};
		872A58A322A3657E0050F7FD /* Model */ = {
			isa = PBXGroup;
			children = (
				872A58AA22A366FD0050F7FD /* Request */,
				872A58A922A366EF0050F7FD /* Response */,
				872A58A422A365960050F7FD /* My Sighseeing.xcdatamodeld */,
				872A58A722A366C70050F7FD /* DataController.swift */,
				872A58AB22A367150050F7FD /* WikiClient.swift */,
			);
			path = Model;
			sourceTree = "<group>";
		};
		872A58A922A366EF0050F7FD /* Response */ = {
			isa = PBXGroup;
			children = (
				872A58AF22A3673B0050F7FD /* APIResponse.swift */,
				872A58B122A3674A0050F7FD /* PhotoResponses.swift */,
			);
			path = Response;
			sourceTree = "<group>";
		};
		872A58AA22A366FD0050F7FD /* Request */ = {
			isa = PBXGroup;
			children = (
				872A58AD22A3672E0050F7FD /* APIRequest.swift */,
			);
			path = Request;
			sourceTree = "<group>";
		};
		872A58B322A367600050F7FD /* View */ = {
			isa = PBXGroup;
			children = (
				872A58B422A3676D0050F7FD /* PhotoCell.swift */,
			);
			path = View;
			sourceTree = "<group>";
		};
		872A58B622A367810050F7FD /* Controller */ = {
			isa = PBXGroup;
			children = (
				872A58B722A3678E0050F7FD /* CollectionViewController.swift */,
				872A58B922A3679C0050F7FD /* MainViewController.swift */,
			);
			path = Controller;
			sourceTree = "<group>";
		};
/* End PBXGroup section */

/* Begin PBXNativeTarget section */
		872A588D22A365600050F7FD /* My Sighseeing */ = {
			isa = PBXNativeTarget;
			buildConfigurationList = 872A58A022A3656D0050F7FD /* Build configuration list for PBXNativeTarget "My Sighseeing" */;
			buildPhases = (
				872A588A22A365600050F7FD /* Sources */,
				872A588B22A365600050F7FD /* Frameworks */,
				872A588C22A365600050F7FD /* Resources */,
			);
			buildRules = (
			);
			dependencies = (
			);
			name = "My Sighseeing";
			productName = "My Sighseeing";
			productReference = 872A588E22A365600050F7FD /* My Sighseeing.app */;
			productType = "com.apple.product-type.application";
		};
/* End PBXNativeTarget section */

/* Begin PBXProject section */
		872A588622A3655F0050F7FD /* Project object */ = {
			isa = PBXProject;
			attributes = {
				LastSwiftUpdateCheck = 1010;
				LastUpgradeCheck = 1010;
				ORGANIZATIONNAME = Udacity;
				TargetAttributes = {
					872A588D22A365600050F7FD = {
						CreatedOnToolsVersion = 10.1;
					};
				};
			};
			buildConfigurationList = 872A588922A3655F0050F7FD /* Build configuration list for PBXProject "My Sighseeing" */;
			compatibilityVersion = "Xcode 9.3";
			developmentRegion = en;
			hasScannedForEncodings = 0;
			knownRegions = (
				en,
				Base,
			);
			mainGroup = 872A588522A3655F0050F7FD;
			productRefGroup = 872A588F22A365600050F7FD /* Products */;
			projectDirPath = "";
			projectRoot = "";
			targets = (
				872A588D22A365600050F7FD /* My Sighseeing */,
			);
		};
/* End PBXProject section */

/* Begin PBXResourcesBuildPhase section */
		872A588C22A365600050F7FD /* Resources */ = {
			isa = PBXResourcesBuildPhase;
			buildActionMask = 2147483647;
			files = (
				872A589C22A3656D0050F7FD /* LaunchScreen.storyboard in Resources */,
				872A589922A3656D0050F7FD /* Assets.xcassets in Resources */,
				872A589722A365600050F7FD /* Main.storyboard in Resources */,
			);
			runOnlyForDeploymentPostprocessing = 0;
		};
/* End PBXResourcesBuildPhase section */

/* Begin PBXSourcesBuildPhase section */
		872A588A22A365600050F7FD /* Sources */ = {
			isa = PBXSourcesBuildPhase;
			buildActionMask = 2147483647;
			files = (
				872A58B022A3673B0050F7FD /* APIResponse.swift in Sources */,
				872A58BA22A3679C0050F7FD /* MainViewController.swift in Sources */,
				872A58B522A3676D0050F7FD /* PhotoCell.swift in Sources */,
				872A58A822A366C70050F7FD /* DataController.swift in Sources */,
				872A58B822A3678E0050F7FD /* CollectionViewController.swift in Sources */,
				872A58B222A3674A0050F7FD /* PhotoResponses.swift in Sources */,
				872A58AC22A367150050F7FD /* WikiClient.swift in Sources */,
				872A58BC22A367C10050F7FD /* Utility.swift in Sources */,
				872A589222A365600050F7FD /* AppDelegate.swift in Sources */,
				872A58AE22A3672E0050F7FD /* APIRequest.swift in Sources */,
				872A58A622A365960050F7FD /* My Sighseeing.xcdatamodeld in Sources */,
			);
			runOnlyForDeploymentPostprocessing = 0;
		};
/* End PBXSourcesBuildPhase section */

/* Begin PBXVariantGroup section */
		872A589522A365600050F7FD /* Main.storyboard */ = {
			isa = PBXVariantGroup;
			children = (
				872A589622A365600050F7FD /* Base */,
			);
			name = Main.storyboard;
			sourceTree = "<group>";
		};
		872A589A22A3656D0050F7FD /* LaunchScreen.storyboard */ = {
			isa = PBXVariantGroup;
			children = (
				872A589B22A3656D0050F7FD /* Base */,
			);
			name = LaunchScreen.storyboard;
			sourceTree = "<group>";
		};
/* End PBXVariantGroup section */

/* Begin XCBuildConfiguration section */
		872A589E22A3656D0050F7FD /* Debug */ = {
			isa = XCBuildConfiguration;
			buildSettings = {
				ALWAYS_SEARCH_USER_PATHS = NO;
				CLANG_ANALYZER_NONNULL = YES;
				CLANG_ANALYZER_NUMBER_OBJECT_CONVERSION = YES_AGGRESSIVE;
				CLANG_CXX_LANGUAGE_STANDARD = "gnu++14";
				CLANG_CXX_LIBRARY = "libc++";
				CLANG_ENABLE_MODULES = YES;
				CLANG_ENABLE_OBJC_ARC = YES;
				CLANG_ENABLE_OBJC_WEAK = YES;
				CLANG_WARN_BLOCK_CAPTURE_AUTORELEASING = YES;
				CLANG_WARN_BOOL_CONVERSION = YES;
				CLANG_WARN_COMMA = YES;
				CLANG_WARN_CONSTANT_CONVERSION = YES;
				CLANG_WARN_DEPRECATED_OBJC_IMPLEMENTATIONS = YES;
				CLANG_WARN_DIRECT_OBJC_ISA_USAGE = YES_ERROR;
				CLANG_WARN_DOCUMENTATION_COMMENTS = YES;
				CLANG_WARN_EMPTY_BODY = YES;
				CLANG_WARN_ENUM_CONVERSION = YES;
				CLANG_WARN_INFINITE_RECURSION = YES;
				CLANG_WARN_INT_CONVERSION = YES;
				CLANG_WARN_NON_LITERAL_NULL_CONVERSION = YES;
				CLANG_WARN_OBJC_IMPLICIT_RETAIN_SELF = YES;
				CLANG_WARN_OBJC_LITERAL_CONVERSION = YES;
				CLANG_WARN_OBJC_ROOT_CLASS = YES_ERROR;
				CLANG_WARN_RANGE_LOOP_ANALYSIS = YES;
				CLANG_WARN_STRICT_PROTOTYPES = YES;
				CLANG_WARN_SUSPICIOUS_MOVE = YES;
				CLANG_WARN_UNGUARDED_AVAILABILITY = YES_AGGRESSIVE;
				CLANG_WARN_UNREACHABLE_CODE = YES;
				CLANG_WARN__DUPLICATE_METHOD_MATCH = YES;
				CODE_SIGN_IDENTITY = "iPhone Developer";
				COPY_PHASE_STRIP = NO;
				DEBUG_INFORMATION_FORMAT = dwarf;
				ENABLE_STRICT_OBJC_MSGSEND = YES;
				ENABLE_TESTABILITY = YES;
				GCC_C_LANGUAGE_STANDARD = gnu11;
				GCC_DYNAMIC_NO_PIC = NO;
				GCC_NO_COMMON_BLOCKS = YES;
				GCC_OPTIMIZATION_LEVEL = 0;
				GCC_PREPROCESSOR_DEFINITIONS = (
					"DEBUG=1",
					"$(inherited)",
				);
				GCC_WARN_64_TO_32_BIT_CONVERSION = YES;
				GCC_WARN_ABOUT_RETURN_TYPE = YES_ERROR;
				GCC_WARN_UNDECLARED_SELECTOR = YES;
				GCC_WARN_UNINITIALIZED_AUTOS = YES_AGGRESSIVE;
				GCC_WARN_UNUSED_FUNCTION = YES;
				GCC_WARN_UNUSED_VARIABLE = YES;
				IPHONEOS_DEPLOYMENT_TARGET = 12.1;
				MTL_ENABLE_DEBUG_INFO = INCLUDE_SOURCE;
				MTL_FAST_MATH = YES;
				ONLY_ACTIVE_ARCH = YES;
				SDKROOT = iphoneos;
				SWIFT_ACTIVE_COMPILATION_CONDITIONS = DEBUG;
				SWIFT_OPTIMIZATION_LEVEL = "-Onone";
			};
			name = Debug;
		};
		872A589F22A3656D0050F7FD /* Release */ = {
			isa = XCBuildConfiguration;
			buildSettings = {
				ALWAYS_SEARCH_USER_PATHS = NO;
				CLANG_ANALYZER_NONNULL = YES;
				CLANG_ANALYZER_NUMBER_OBJECT_CONVERSION = YES_AGGRESSIVE;
				CLANG_CXX_LANGUAGE_STANDARD = "gnu++14";
				CLANG_CXX_LIBRARY = "libc++";
				CLANG_ENABLE_MODULES = YES;
				CLANG_ENABLE_OBJC_ARC = YES;
				CLANG_ENABLE_OBJC_WEAK = YES;
				CLANG_WARN_BLOCK_CAPTURE_AUTORELEASING = YES;
				CLANG_WARN_BOOL_CONVERSION = YES;
				CLANG_WARN_COMMA = YES;
				CLANG_WARN_CONSTANT_CONVERSION = YES;
				CLANG_WARN_DEPRECATED_OBJC_IMPLEMENTATIONS = YES;
				CLANG_WARN_DIRECT_OBJC_ISA_USAGE = YES_ERROR;
				CLANG_WARN_DOCUMENTATION_COMMENTS = YES;
				CLANG_WARN_EMPTY_BODY = YES;
				CLANG_WARN_ENUM_CONVERSION = YES;
				CLANG_WARN_INFINITE_RECURSION = YES;
				CLANG_WARN_INT_CONVERSION = YES;
				CLANG_WARN_NON_LITERAL_NULL_CONVERSION = YES;
				CLANG_WARN_OBJC_IMPLICIT_RETAIN_SELF = YES;
				CLANG_WARN_OBJC_LITERAL_CONVERSION = YES;
				CLANG_WARN_OBJC_ROOT_CLASS = YES_ERROR;
				CLANG_WARN_RANGE_LOOP_ANALYSIS = YES;
				CLANG_WARN_STRICT_PROTOTYPES = YES;
				CLANG_WARN_SUSPICIOUS_MOVE = YES;
				CLANG_WARN_UNGUARDED_AVAILABILITY = YES_AGGRESSIVE;
				CLANG_WARN_UNREACHABLE_CODE = YES;
				CLANG_WARN__DUPLICATE_METHOD_MATCH = YES;
				CODE_SIGN_IDENTITY = "iPhone Developer";
				COPY_PHASE_STRIP = NO;
				DEBUG_INFORMATION_FORMAT = "dwarf-with-dsym";
				ENABLE_NS_ASSERTIONS = NO;
				ENABLE_STRICT_OBJC_MSGSEND = YES;
				GCC_C_LANGUAGE_STANDARD = gnu11;
				GCC_NO_COMMON_BLOCKS = YES;
				GCC_WARN_64_TO_32_BIT_CONVERSION = YES;
				GCC_WARN_ABOUT_RETURN_TYPE = YES_ERROR;
				GCC_WARN_UNDECLARED_SELECTOR = YES;
				GCC_WARN_UNINITIALIZED_AUTOS = YES_AGGRESSIVE;
				GCC_WARN_UNUSED_FUNCTION = YES;
				GCC_WARN_UNUSED_VARIABLE = YES;
				IPHONEOS_DEPLOYMENT_TARGET = 12.1;
				MTL_ENABLE_DEBUG_INFO = NO;
				MTL_FAST_MATH = YES;
				SDKROOT = iphoneos;
				SWIFT_COMPILATION_MODE = wholemodule;
				SWIFT_OPTIMIZATION_LEVEL = "-O";
				VALIDATE_PRODUCT = YES;
			};
			name = Release;
		};
		872A58A122A3656D0050F7FD /* Debug */ = {
			isa = XCBuildConfiguration;
			buildSettings = {
				ASSETCATALOG_COMPILER_APPICON_NAME = AppIcon;
				CODE_SIGN_STYLE = Automatic;
				DEVELOPMENT_TEAM = 6FURN6X4DJ;
				INFOPLIST_FILE = "My Sighseeing/Info.plist";
				LD_RUNPATH_SEARCH_PATHS = (
					"$(inherited)",
					"@executable_path/Frameworks",
				);
				PRODUCT_BUNDLE_IDENTIFIER = "com.Udacity.My-Sighseeing";
				PRODUCT_NAME = "$(TARGET_NAME)";
				SWIFT_VERSION = 4.2;
				TARGETED_DEVICE_FAMILY = "1,2";
			};
			name = Debug;
		};
		872A58A222A3656D0050F7FD /* Release */ = {
			isa = XCBuildConfiguration;
			buildSettings = {
				ASSETCATALOG_COMPILER_APPICON_NAME = AppIcon;
				CODE_SIGN_STYLE = Automatic;
				DEVELOPMENT_TEAM = 6FURN6X4DJ;
				INFOPLIST_FILE = "My Sighseeing/Info.plist";
				LD_RUNPATH_SEARCH_PATHS = (
					"$(inherited)",
					"@executable_path/Frameworks",
				);
				PRODUCT_BUNDLE_IDENTIFIER = "com.Udacity.My-Sighseeing";
				PRODUCT_NAME = "$(TARGET_NAME)";
				SWIFT_VERSION = 4.2;
				TARGETED_DEVICE_FAMILY = "1,2";
			};
			name = Release;
		};
/* End XCBuildConfiguration section */

/* Begin XCConfigurationList section */
		872A588922A3655F0050F7FD /* Build configuration list for PBXProject "My Sighseeing" */ = {
			isa = XCConfigurationList;
			buildConfigurations = (
				872A589E22A3656D0050F7FD /* Debug */,
				872A589F22A3656D0050F7FD /* Release */,
			);
			defaultConfigurationIsVisible = 0;
			defaultConfigurationName = Release;
		};
		872A58A022A3656D0050F7FD /* Build configuration list for PBXNativeTarget "My Sighseeing" */ = {
			isa = XCConfigurationList;
			buildConfigurations = (
				872A58A122A3656D0050F7FD /* Debug */,
				872A58A222A3656D0050F7FD /* Release */,
			);
			defaultConfigurationIsVisible = 0;
			defaultConfigurationName = Release;
		};
/* End XCConfigurationList section */

/* Begin XCVersionGroup section */
		872A58A422A365960050F7FD /* My Sighseeing.xcdatamodeld */ = {
			isa = XCVersionGroup;
			children = (
				872A58A522A365960050F7FD /* My Sighseeing.xcdatamodel */,
			);
			currentVersion = 872A58A522A365960050F7FD /* My Sighseeing.xcdatamodel */;
			path = "My Sighseeing.xcdatamodeld";
			sourceTree = "<group>";
			versionGroupType = wrapper.xcdatamodel;
		};
/* End XCVersionGroup section */
	};
	rootObject = 872A588622A3655F0050F7FD /* Project object */;
}
